
Microsoft Visual Studio Solution File, Format Version 12.00
# Visual Studio Version 16
VisualStudioVersion = 16.0.30114.105
MinimumVisualStudioVersion = 10.0.40219.1
Project("{FAE04EC0-301F-11D3-BF4B-00C04F79EFBC}") = "TaskProject", "TaskProject.csproj", "{59EF9458-3FE6-45F6-AB6B-7A5236D16B6C}"
EndProject
Global
	GlobalSection(SolutionConfigurationPlatforms) = preSolution
		Debug|Any CPU = Debug|Any CPU
		Release|Any CPU = Release|Any CPU
	EndGlobalSection
	GlobalSection(ProjectConfigurationPlatforms) = postSolution
		{59EF9458-3FE6-45F6-AB6B-7A5236D16B6C}.Debug|Any CPU.ActiveCfg = Debug|Any CPU
		{59EF9458-3FE6-45F6-AB6B-7A5236D16B6C}.Debug|Any CPU.Build.0 = Debug|Any CPU
		{59EF9458-3FE6-45F6-AB6B-7A5236D16B6C}.Release|Any CPU.ActiveCfg = Release|Any CPU
		{59EF9458-3FE6-45F6-AB6B-7A5236D16B6C}.Release|Any CPU.Build.0 = Release|Any CPU
	EndGlobalSection
	GlobalSection(SolutionProperties) = preSolution
		HideSolutionNode = FALSE
	EndGlobalSection
	GlobalSection(ExtensibilityGlobals) = postSolution
		SolutionGuid = {35906923-62D9-4E0D-B41C-CA174BB03BDF}
	EndGlobalSection
EndGlobal
